
Microsoft Visual Studio Solution File, Format Version 12.00
# Visual Studio Version 17
VisualStudioVersion = 17.1.32421.90
MinimumVisualStudioVersion = 10.0.40219.1
Project("{FAE04EC0-301F-11D3-BF4B-00C04F79EFBC}") = "DAAPI", "DAAPI\DAAPI.csproj", "{3E8AA99F-2864-42CC-BEED-5765DEA9B6E3}"
EndProject
Project("{2150E333-8FDC-42A3-9474-1A3956D46DE8}") = "Solution Items", "Solution Items", "{15D4B1CF-4F30-4B4E-9CDA-1EC7ED5CE6CB}"
	ProjectSection(SolutionItems) = preProject
		.editorconfig = .editorconfig
	EndProjectSection
EndProject
Global
	GlobalSection(SolutionConfigurationPlatforms) = preSolution
		Debug|Any CPU = Debug|Any CPU
		Release|Any CPU = Release|Any CPU
	EndGlobalSection
	GlobalSection(ProjectConfigurationPlatforms) = postSolution
		{3E8AA99F-2864-42CC-BEED-5765DEA9B6E3}.Debug|Any CPU.ActiveCfg = Debug|Any CPU
		{3E8AA99F-2864-42CC-BEED-5765DEA9B6E3}.Debug|Any CPU.Build.0 = Debug|Any CPU
		{3E8AA99F-2864-42CC-BEED-5765DEA9B6E3}.Release|Any CPU.ActiveCfg = Release|Any CPU
		{3E8AA99F-2864-42CC-BEED-5765DEA9B6E3}.Release|Any CPU.Build.0 = Release|Any CPU
	EndGlobalSection
	GlobalSection(SolutionProperties) = preSolution
		HideSolutionNode = FALSE
	EndGlobalSection
	GlobalSection(ExtensibilityGlobals) = postSolution
		SolutionGuid = {39067C89-5CA8-44A3-8689-088DE8FD27F5}
	EndGlobalSection
EndGlobal
